{
  "name": "reddit-minus-mods-analysis",
  "version": "0.0.1",
  "lockfileVersion": 1,
  "requires": true,
  "dependencies": {
    "@types/async-retry": {
      "version": "1.2.1",
      "resolved": "https://registry.npmjs.org/@types/async-retry/-/async-retry-1.2.1.tgz",
      "integrity": "sha512-yMQ6CVgICWtyFNBqJT3zqOc+TnqqEPLo4nKJNPFwcialiylil38Ie6q1ENeFTjvaLOkVim9K5LisHgAKJWidGQ=="
    },
    "@types/lru-cache": {
      "version": "4.1.1",
      "resolved": "https://registry.npmjs.org/@types/lru-cache/-/lru-cache-4.1.1.tgz",
      "integrity": "sha512-8mNEUG6diOrI6pMqOHrHPDBB1JsrpedeMK9AWGzVCQ7StRRribiT9BRvUmF8aUws9iBbVlgVekOT5Sgzc1MTKw=="
    },
    "@types/node": {
      "version": "10.12.18",
      "resolved": "https://registry.npmjs.org/@types/node/-/node-10.12.18.tgz",
      "integrity": "sha512-fh+pAqt4xRzPfqA6eh3Z2y6fyZavRIumvjhaCL753+TVkGKGhpPeyrJG2JftD0T9q4GF00KjefsQ+PQNDdWQaQ=="
    },
    "@zeit/dns-cached-resolve": {
      "version": "2.1.0",
      "resolved": "https://registry.npmjs.org/@zeit/dns-cached-resolve/-/dns-cached-resolve-2.1.0.tgz",
      "integrity": "sha512-KD2zyRZEBNs9PJ3/ob7zx0CvR4wM0oV4G5s5gFfPwmM74GpFbUN2pAAivP2AXnUrJ14Nkh8NumNKOzOyc4LbFQ==",
      "requires": {
        "@types/async-retry": "1.2.1",
        "@types/lru-cache": "4.1.1",
        "@types/node": "10.12.18",
        "async-retry": "1.2.3",
        "lru-cache": "5.1.1"
      }
    },
    "@zeit/fetch": {
      "version": "5.1.0",
      "resolved": "https://registry.npmjs.org/@zeit/fetch/-/fetch-5.1.0.tgz",
      "integrity": "sha512-e+ZClpgyP8AlOcewSNrpJzXLjPLG+dXBnBg3vYXPYdYItj2dWaI1mRjiyBriH/U9Gt48wZJukz9Q3uhMYS4X6w==",
      "requires": {
        "@types/async-retry": "1.2.1",
        "@zeit/fetch-cached-dns": "1.2.0",
        "@zeit/fetch-retry": "4.0.0",
        "agentkeepalive": "3.4.1",
        "debug": "3.1.0"
      },
      "dependencies": {
        "agentkeepalive": {
          "version": "3.4.1",
          "resolved": "https://registry.npmjs.org/agentkeepalive/-/agentkeepalive-3.4.1.tgz",
          "integrity": "sha512-MPIwsZU9PP9kOrZpyu2042kYA8Fdt/AedQYkYXucHgF9QoD9dXVp0ypuGnHXSR0hTstBxdt85Xkh4JolYfK5wg==",
          "requires": {
            "humanize-ms": "^1.2.1"
          }
        },
        "debug": {
          "version": "3.1.0",
          "resolved": "https://registry.npmjs.org/debug/-/debug-3.1.0.tgz",
          "integrity": "sha512-OX8XqP7/1a9cqkxYw2yXss15f26NKWBpDXQd0/uK/KPqdQhxbPa994hnzjcE2VqQpDslf55723cKPUOGSmMY3g==",
          "requires": {
            "ms": "2.0.0"
          }
        },
        "ms": {
          "version": "2.0.0",
          "resolved": "https://registry.npmjs.org/ms/-/ms-2.0.0.tgz",
          "integrity": "sha1-VgiurfwAvmwpAd9fmGF4jeDVl8g="
        }
      }
    },
    "@zeit/fetch-cached-dns": {
      "version": "1.2.0",
      "resolved": "https://registry.npmjs.org/@zeit/fetch-cached-dns/-/fetch-cached-dns-1.2.0.tgz",
      "integrity": "sha512-fEKOrDQJy3CewywYVwe2mHsv3H1rITmkfB68h2TiVOz6QWWuXU0C5xBIFG9Ov59sioEQdlk5829PXwJYyx6X0A==",
      "requires": {
        "@zeit/dns-cached-resolve": "2.1.0"
      }
    },
    "@zeit/fetch-retry": {
      "version": "4.0.0",
      "resolved": "https://registry.npmjs.org/@zeit/fetch-retry/-/fetch-retry-4.0.0.tgz",
      "integrity": "sha512-ALXnrCPpiVWha/L3Mm1klPhqmVTKmPQ2dmb5YIsSCrMBJugfhDb42kacVsvQ11vAFRE1LRaJ9Pmw16zEMvQnbw==",
      "requires": {
        "async-retry": "^1.1.3",
        "debug": "^3.1.0"
      }
    },
    "agentkeepalive": {
      "version": "4.0.2",
      "resolved": "https://registry.npmjs.org/agentkeepalive/-/agentkeepalive-4.0.2.tgz",
      "integrity": "sha512-A5gSniD4xMCYtSD4ilUHpQRB9ZbNjtIPittKUv7bA0j0UCwbT3EJBUYLKPJ/dtmaXRYWI2mG4/O90xbi7oahNw==",
      "requires": {
        "debug": "^4.1.0",
        "depd": "^1.1.2",
        "humanize-ms": "^1.2.1"
      },
      "dependencies": {
        "debug": {
          "version": "4.1.1",
          "resolved": "https://registry.npmjs.org/debug/-/debug-4.1.1.tgz",
          "integrity": "sha512-pYAIzeRo8J6KPEaJ0VWOh5Pzkbw/RetuzehGM7QRRX5he4fPHx2rdKMB256ehJCkX+XRQm16eZLqLNS8RSZXZw==",
          "requires": {
            "ms": "^2.1.1"
          }
        }
      }
    },
    "async-retry": {
      "version": "1.2.3",
      "resolved": "https://registry.npmjs.org/async-retry/-/async-retry-1.2.3.tgz",
      "integrity": "sha512-tfDb02Th6CE6pJUF2gjW5ZVjsgwlucVXOEQMvEX9JgSJMs9gAX+Nz3xRuJBKuUYjTSYORqvDBORdAQ3LU59g7Q==",
      "requires": {
        "retry": "0.12.0"
      }
    },
    "async-sema": {
      "version": "3.0.1",
      "resolved": "https://registry.npmjs.org/async-sema/-/async-sema-3.0.1.tgz",
      "integrity": "sha512-fKT2riE8EHAvJEfLJXZiATQWqZttjx1+tfgnVshCDrH8vlw4YC8aECe0B8MU184g+aVRFVgmfxFlKZKaozSrNw=="
    },
    "data-uri-to-buffer": {
      "version": "4.0.0",
      "resolved": "https://registry.npmjs.org/data-uri-to-buffer/-/data-uri-to-buffer-4.0.0.tgz",
      "integrity": "sha512-Vr3mLBA8qWmcuschSLAOogKgQ/Jwxulv3RNE4FXnYWRGujzrRWQI4m12fQqRkwX06C0KanhLr4hK+GydchZsaA=="
    },
    "debug": {
      "version": "3.2.6",
      "resolved": "https://registry.npmjs.org/debug/-/debug-3.2.6.tgz",
      "integrity": "sha512-mel+jf7nrtEl5Pn1Qx46zARXKDpBbvzezse7p7LqINmdoIk8PYP5SySaxEmYv6TZ0JyEKA1hsCId6DIhgITtWQ==",
      "requires": {
        "ms": "^2.1.1"
      }
    },
    "depd": {
      "version": "1.1.2",
      "resolved": "https://registry.npmjs.org/depd/-/depd-1.1.2.tgz",
      "integrity": "sha1-m81S4UwJd2PnSbJ0xDRu0uVgtak="
    },
    "fetch-blob": {
      "version": "3.1.4",
      "resolved": "https://registry.npmjs.org/fetch-blob/-/fetch-blob-3.1.4.tgz",
      "integrity": "sha512-Eq5Xv5+VlSrYWEqKrusxY1C3Hm/hjeAsCGVG3ft7pZahlUAChpGZT/Ms1WmSLnEAisEXszjzu/s+ce6HZB2VHA==",
      "requires": {
        "node-domexception": "^1.0.0",
        "web-streams-polyfill": "^3.0.3"
      }
    },
    "formdata-polyfill": {
      "version": "4.0.10",
      "resolved": "https://registry.npmjs.org/formdata-polyfill/-/formdata-polyfill-4.0.10.tgz",
      "integrity": "sha512-buewHzMvYL29jdeQTVILecSaZKnt/RJWjoZCF5OW60Z67/GmSLBkOFM7qh1PI3zFNtJbaZL5eQu1vLfazOwj4g==",
      "requires": {
        "fetch-blob": "^3.1.2"
      }
    },
    "humanize-ms": {
      "version": "1.2.1",
      "resolved": "https://registry.npmjs.org/humanize-ms/-/humanize-ms-1.2.1.tgz",
      "integrity": "sha1-xG4xWaKT9riW2ikxbYtv6Lt5u+0=",
      "requires": {
        "ms": "^2.0.0"
      }
    },
    "lodash": {
      "version": "4.17.21",
      "resolved": "https://registry.npmjs.org/lodash/-/lodash-4.17.21.tgz",
      "integrity": "sha512-v2kDEe57lecTulaDIuNTPy3Ry4gLGJ6Z1O3vE1krgXZNrsQ+LFTGHVxVjcXPs17LhbZVGedAJv8XZ1tvj5FvSg=="
    },
    "lru-cache": {
      "version": "5.1.1",
      "resolved": "https://registry.npmjs.org/lru-cache/-/lru-cache-5.1.1.tgz",
      "integrity": "sha512-KpNARQA3Iwv+jTA0utUVVbrh+Jlrr1Fv0e56GGzAFOXN7dk/FviaDW8LHmK52DlcH4WP2n6gI8vN1aesBFgo9w==",
      "requires": {
        "yallist": "^3.0.2"
      }
    },
    "ms": {
      "version": "2.1.1",
      "resolved": "https://registry.npmjs.org/ms/-/ms-2.1.1.tgz",
      "integrity": "sha512-tgp+dl5cGk28utYktBsrFqA7HKgrhgPsg6Z/EfhWI4gl1Hwq8B/GmY/0oXZ6nF8hDVesS/FpnYaD/kOWhYQvyg=="
    },
    "node-domexception": {
      "version": "1.0.0",
      "resolved": "https://registry.npmjs.org/node-domexception/-/node-domexception-1.0.0.tgz",
      "integrity": "sha512-/jKZoMpw0F8GRwl4/eLROPA3cfcXtLApP0QzLmUT/HuPCZWyB7IY9ZrMeKw2O/nFIqPQB3PVM9aYm0F312AXDQ=="
    },
    "node-fetch": {
      "version": "3.1.1",
      "resolved": "https://registry.npmjs.org/node-fetch/-/node-fetch-3.1.1.tgz",
      "integrity": "sha512-SMk+vKgU77PYotRdWzqZGTZeuFKlsJ0hu4KPviQKkfY+N3vn2MIzr0rvpnYpR8MtB3IEuhlEcuOLbGvLRlA+yg==",
      "requires": {
        "data-uri-to-buffer": "^4.0.0",
        "fetch-blob": "^3.1.3",
        "formdata-polyfill": "^4.0.10"
      }
    },
    "progress": {
      "version": "2.0.3",
      "resolved": "https://registry.npmjs.org/progress/-/progress-2.0.3.tgz",
      "integrity": "sha512-7PiHtLll5LdnKIMw100I+8xJXR5gW2QwWYkT6iJva0bXitZKa/XMrSbdmg3r2Xnaidz9Qumd0VPaMrZlF9V9sA=="
    },
    "retry": {
      "version": "0.12.0",
      "resolved": "https://registry.npmjs.org/retry/-/retry-0.12.0.tgz",
      "integrity": "sha1-G0KmJmoh8HQh0bC1S33BZ7AcATs="
    },
    "web-streams-polyfill": {
      "version": "3.2.0",
      "resolved": "https://registry.npmjs.org/web-streams-polyfill/-/web-streams-polyfill-3.2.0.tgz",
      "integrity": "sha512-EqPmREeOzttaLRm5HS7io98goBgZ7IVz79aDvqjD0kYXLtFZTc0T/U6wHTPKyIjb+MdN7DFIIX6hgdBEpWmfPA=="
    },
    "yallist": {
      "version": "3.0.3",
      "resolved": "https://registry.npmjs.org/yallist/-/yallist-3.0.3.tgz",
      "integrity": "sha512-S+Zk8DEWE6oKpV+vI3qWkaK+jSbIK86pCwe2IF/xwIpQ8jEuxpw9NyaGjmp9+BoJv5FV2piqCDcoCtStppiq2A=="
    }
  }
}
